Microsoft Visual Studio Solution File, Format Version 12.00
# Visual Studio Version 17
VisualStudioVersion = 17.5.2.0
MinimumVisualStudioVersion = 10.0.40219.1
Project("{FAE04EC0-301F-11D3-BF4B-00C04F79EFBC}") = "PrintModuleApp", "PrintModuleApp\PrintModuleApp.csproj", "{D49E01DC-1FFF-1415-F0EB-2D3DD8ACAF6C}"
EndProject
Global
	GlobalSection(SolutionConfigurationPlatforms) = preSolution
		Debug|Any CPU = Debug|Any CPU
		Release|Any CPU = Release|Any CPU
	EndGlobalSection
	GlobalSection(ProjectConfigurationPlatforms) = postSolution
		{D49E01DC-1FFF-1415-F0EB-2D3DD8ACAF6C}.Debug|Any CPU.ActiveCfg = Debug|Any CPU
		{D49E01DC-1FFF-1415-F0EB-2D3DD8ACAF6C}.Debug|Any CPU.Build.0 = Debug|Any CPU
		{D49E01DC-1FFF-1415-F0EB-2D3DD8ACAF6C}.Release|Any CPU.ActiveCfg = Release|Any CPU
		{D49E01DC-1FFF-1415-F0EB-2D3DD8ACAF6C}.Release|Any CPU.Build.0 = Release|Any CPU
	EndGlobalSection
	GlobalSection(SolutionProperties) = preSolution
		HideSolutionNode = FALSE
	EndGlobalSection
	GlobalSection(ExtensibilityGlobals) = postSolution
		SolutionGuid = {2E473742-1E2B-4ECB-8499-164FB1DE7F2D}
	EndGlobalSection
EndGlobal
